
Microsoft Visual Studio Solution File, Format Version 12.00
# Visual Studio Version 17
VisualStudioVersion = 17.7.34003.232
MinimumVisualStudioVersion = 10.0.40219.1
Project("{FAE04EC0-301F-11D3-BF4B-00C04F79EFBC}") = "Primeiro Jogo em C#", "Primeiro Jogo em C#\Primeiro Jogo em C#.csproj", "{1CC22EB1-59C7-46A0-9E9E-45D491C4A1FE}"
EndProject
Global
	GlobalSection(SolutionConfigurationPlatforms) = preSolution
		Debug|Any CPU = Debug|Any CPU
		Release|Any CPU = Release|Any CPU
	EndGlobalSection
	GlobalSection(ProjectConfigurationPlatforms) = postSolution
		{1CC22EB1-59C7-46A0-9E9E-45D491C4A1FE}.Debug|Any CPU.ActiveCfg = Debug|Any CPU
		{1CC22EB1-59C7-46A0-9E9E-45D491C4A1FE}.Debug|Any CPU.Build.0 = Debug|Any CPU
		{1CC22EB1-59C7-46A0-9E9E-45D491C4A1FE}.Release|Any CPU.ActiveCfg = Release|Any CPU
		{1CC22EB1-59C7-46A0-9E9E-45D491C4A1FE}.Release|Any CPU.Build.0 = Release|Any CPU
	EndGlobalSection
	GlobalSection(SolutionProperties) = preSolution
		HideSolutionNode = FALSE
	EndGlobalSection
	GlobalSection(ExtensibilityGlobals) = postSolution
		SolutionGuid = {5666D231-5B89-472F-B51E-35841FA17533}
	EndGlobalSection
EndGlobal
